github.com/gethugothemes/hugo-modules/accordion v0.0.0-20240925042433-d2b5d05977e8 h1:glx/9W1+SUOc3YQROIA59CBr6myIo3gzsJysJJaQe/A=
github.com/gethugothemes/hugo-modules/accordion v0.0.0-20240925042433-d2b5d05977e8/go.mod h1:D4DpauKPDcUHI9CVKYmJeO6bkSJIhUN864TyXZ2o0VI=
github.com/gethugothemes/hugo-modules/accordion v0.0.0-20250512035231-bb1514d411e2 h1:fyjZb9pfHY0k6Mp6iJrECMunjxkv17Sn3WPAi3U+BNY=
github.com/gethugothemes/hugo-modules/accordion v0.0.0-20250512035231-bb1514d411e2/go.mod h1:D4DpauKPDcUHI9CVKYmJeO6bkSJIhUN864TyXZ2o0VI=
github.com/gethugothemes/hugo-modules/accordion v0.0.0-20250702070945-cd8319c6b26e h1:yeUGenAenE/TAr+h4N1d9u8TMqZFgyk3RkJg87HY8bY=
github.com/gethugothemes/hugo-modules/accordion v0.0.0-20250702070945-cd8319c6b26e/go.mod h1:D4DpauKPDcUHI9CVKYmJeO6bkSJIhUN864TyXZ2o0VI=
github.com/gethugothemes/hugo-modules/accordion v0.0.0-20251117073232-ef5b4666824c h1:4fd4brwOKfMLTLHmRgN6xhpyOIF7X3dUCZe5fw1eX80=
github.com/gethugothemes/hugo-modules/accordion v0.0.0-20251117073232-ef5b4666824c/go.mod h1:D4DpauKPDcUHI9CVKYmJeO6bkSJIhUN864TyXZ2o0VI=
github.com/gethugothemes/hugo-modules/adsense v0.0.0-20240925042433-d2b5d05977e8 h1:ewKsG7Nfk55KHJbOLiRNHu01UURu6fS6RWA2RY6S8k4=
github.com/gethugothemes/hugo-modules/adsense v0.0.0-20240925042433-d2b5d05977e8/go.mod h1:8p/gG/cyyu20z4q5cFN/JGE5TOFA55Xsp+aIP9KCsqo=
github.com/gethugothemes/hugo-modules/adsense v0.0.0-20250512035231-bb1514d411e2 h1:6VSZ149OgcylbNnGRxY8vjZ6+rldwCZTU6z9MZs1LLY=
github.com/gethugothemes/hugo-modules/adsense v0.0.0-20250512035231-bb1514d411e2/go.mod h1:8p/gG/cyyu20z4q5cFN/JGE5TOFA55Xsp+aIP9KCsqo=
github.com/gethugothemes/hugo-modules/adsense v0.0.0-20250702070945-cd8319c6b26e h1:IlTqtQ0ZRSc4ft7yME2x4HVOvNjXsQdf2j67ohlMCuA=
github.com/gethugothemes/hugo-modules/adsense v0.0.0-20250702070945-cd8319c6b26e/go.mod h1:8p/gG/cyyu20z4q5cFN/JGE5TOFA55Xsp+aIP9KCsqo=
github.com/gethugothemes/hugo-modules/adsense v0.0.0-20251117073232-ef5b4666824c h1:cpHPtuHqYEKB6nLDbVWhitQHvRMSuougYZ4umir+NxQ=
github.com/gethugothemes/hugo-modules/adsense v0.0.0-20251117073232-ef5b4666824c/go.mod h1:8p/gG/cyyu20z4q5cFN/JGE5TOFA55Xsp+aIP9KCsqo=
github.com/gethugothemes/hugo-modules/components/announcement v0.0.0-20240925042433-d2b5d05977e8 h1:oU87b8LMi/FMyEx8Ne7Qk8bSMdrn9XUdnkxuJhEbswo=
github.com/gethugothemes/hugo-modules/components/announcement v0.0.0-20240925042433-d2b5d05977e8/go.mod h1:BO6vbFLvEgb45epi/QtUkQmTyqsWSwxIqTpwDvqJFHk=
github.com/gethugothemes/hugo-modules/components/announcement v0.0.0-20250512035231-bb1514d411e2 h1:WerkHbW9B1eTcfVBKdNb2FGHcuMUFmafaZXKEbJcodg=
github.com/gethugothemes/hugo-modules/components/announcement v0.0.0-20250512035231-bb1514d411e2/go.mod h1:BO6vbFLvEgb45epi/QtUkQmTyqsWSwxIqTpwDvqJFHk=
github.com/gethugothemes/hugo-modules/components/announcement v0.0.0-20250702070945-cd8319c6b26e h1:2JEKTRrXsdnTBVifiQF2VpVx+an/cTq8tlYh8phc99k=
github.com/gethugothemes/hugo-modules/components/announcement v0.0.0-20250702070945-cd8319c6b26e/go.mod h1:BO6vbFLvEgb45epi/QtUkQmTyqsWSwxIqTpwDvqJFHk=
github.com/gethugothemes/hugo-modules/components/announcement v0.0.0-20251117073232-ef5b4666824c h1:u5tk/QWdoQw33wurns/gzNSuCEp0k0m4RuaLrd1BU8Q=
github.com/gethugothemes/hugo-modules/components/announcement v0.0.0-20251117073232-ef5b4666824c/go.mod h1:BO6vbFLvEgb45epi/QtUkQmTyqsWSwxIqTpwDvqJFHk=
github.com/gethugothemes/hugo-modules/components/cookie-consent v0.0.0-20240925042433-d2b5d05977e8 h1:oIO0o2wdY2Jhkz+NyzTgwizCGSf6V0IGumuD985SKeU=
github.com/gethugothemes/hugo-modules/components/cookie-consent v0.0.0-20240925042433-d2b5d05977e8/go.mod h1:511ERLpGe3ZTfV2z/NAtUSR5NqKF26h9z5lU/zYV4YQ=
github.com/gethugothemes/hugo-modules/components/cookie-consent v0.0.0-20250512035231-bb1514d411e2 h1:i18jUjIBhQFNZIPM3taYHVuPCgKG2rczmV3/NO7WXY4=
github.com/gethugothemes/hugo-modules/components/cookie-consent v0.0.0-20250512035231-bb1514d411e2/go.mod h1:511ERLpGe3ZTfV2z/NAtUSR5NqKF26h9z5lU/zYV4YQ=
github.com/gethugothemes/hugo-modules/components/cookie-consent v0.0.0-20250702070945-cd8319c6b26e h1:2ESPpEOSc4UnrvuP403RRkH+8ZNDONAmYWKk2iGPQoE=
github.com/gethugothemes/hugo-modules/components/cookie-consent v0.0.0-20250702070945-cd8319c6b26e/go.mod h1:511ERLpGe3ZTfV2z/NAtUSR5NqKF26h9z5lU/zYV4YQ=
github.com/gethugothemes/hugo-modules/components/cookie-consent v0.0.0-20251117073232-ef5b4666824c h1:9n90/OZxNaTq0s3BB+h1EFIPLe0TBDSRtjQrIWKo+2w=
github.com/gethugothemes/hugo-modules/components/cookie-consent v0.0.0-20251117073232-ef5b4666824c/go.mod h1:511ERLpGe3ZTfV2z/NAtUSR5NqKF26h9z5lU/zYV4YQ=
github.com/gethugothemes/hugo-modules/components/custom-script v0.0.0-20240925042433-d2b5d05977e8 h1:b/zLhGA++K6BBuat2bc8LX1EUUgfbXr0csu3CBaR/9s=
github.com/gethugothemes/hugo-modules/components/custom-script v0.0.0-20240925042433-d2b5d05977e8/go.mod h1:RuDHq4WnK8sNEzAIJr4BZQ7oXhzcct/EKaAxc2Xvi9E=
github.com/gethugothemes/hugo-modules/components/custom-script v0.0.0-20250512035231-bb1514d411e2 h1:8p1pURB/77oHocvkNQwkvnqchKSk+4uZ3Eaw+tN3rdA=
github.com/gethugothemes/hugo-modules/components/custom-script v0.0.0-20250512035231-bb1514d411e2/go.mod h1:RuDHq4WnK8sNEzAIJr4BZQ7oXhzcct/EKaAxc2Xvi9E=
github.com/gethugothemes/hugo-modules/components/custom-script v0.0.0-20250702070945-cd8319c6b26e h1:5YQBKlrbIRSSw7VjPZjEg5wZ6xVVXSfQdxoB2dZdp5w=
github.com/gethugothemes/hugo-modules/components/custom-script v0.0.0-20250702070945-cd8319c6b26e/go.mod h1:RuDHq4WnK8sNEzAIJr4BZQ7oXhzcct/EKaAxc2Xvi9E=
github.com/gethugothemes/hugo-modules/components/custom-script v0.0.0-20251117073232-ef5b4666824c h1:zlnfdru+phrk9aHlVg93CyRLeQRIBayrYUwUojv8Miw=
github.com/gethugothemes/hugo-modules/components/custom-script v0.0.0-20251117073232-ef5b4666824c/go.mod h1:RuDHq4WnK8sNEzAIJr4BZQ7oXhzcct/EKaAxc2Xvi9E=
github.com/gethugothemes/hugo-modules/components/preloader v0.0.0-20240925042433-d2b5d05977e8 h1:qXQgATaoB64NwDGxtEsN3dvL79eoJc8de7qzhY1qlGs=
github.com/gethugothemes/hugo-modules/components/preloader v0.0.0-20240925042433-d2b5d05977e8/go.mod h1:FP0iQ3tMOesuWFZhLst2KEvUEYPb5Jk1GW+QBP9lrwg=
github.com/gethugothemes/hugo-modules/components/preloader v0.0.0-20250512035231-bb1514d411e2 h1:M0CKLNsvIo3k5u8ToXuaw9FYZnP8nu+1QBVyhbKgIVk=
github.com/gethugothemes/hugo-modules/components/preloader v0.0.0-20250512035231-bb1514d411e2/go.mod h1:FP0iQ3tMOesuWFZhLst2KEvUEYPb5Jk1GW+QBP9lrwg=
github.com/gethugothemes/hugo-modules/components/preloader v0.0.0-20250702070945-cd8319c6b26e h1:0+Fyqpcl6RSmeuznyp53fWdx/UmSebx4J66q3KWurxk=
github.com/gethugothemes/hugo-modules/components/preloader v0.0.0-20250702070945-cd8319c6b26e/go.mod h1:FP0iQ3tMOesuWFZhLst2KEvUEYPb5Jk1GW+QBP9lrwg=
github.com/gethugothemes/hugo-modules/components/preloader v0.0.0-20251117073232-ef5b4666824c h1:JQDyg2POW3mDxaB1emuzWqj0tnVbeJBkk4j9oCr7mZA=
github.com/gethugothemes/hugo-modules/components/preloader v0.0.0-20251117073232-ef5b4666824c/go.mod h1:FP0iQ3tMOesuWFZhLst2KEvUEYPb5Jk1GW+QBP9lrwg=
github.com/gethugothemes/hugo-modules/components/render-link v0.0.0-20240925042433-d2b5d05977e8 h1:mK0hf8QyPHHT+vYTnAJ23R8S0oudNluyQ8N24Gg3Buk=
github.com/gethugothemes/hugo-modules/components/render-link v0.0.0-20240925042433-d2b5d05977e8/go.mod h1:z3YcIeEBUonAoRDY1/Jv1ojNVkZ5ud35a0Nn8L4Inx0=
github.com/gethugothemes/hugo-modules/components/render-link v0.0.0-20250512035231-bb1514d411e2 h1:kRFZupt7fAXF1sVzzINEIyMuZAd4gwbGOjBcJp9xlsk=
github.com/gethugothemes/hugo-modules/components/render-link v0.0.0-20250512035231-bb1514d411e2/go.mod h1:z3YcIeEBUonAoRDY1/Jv1ojNVkZ5ud35a0Nn8L4Inx0=
github.com/gethugothemes/hugo-modules/components/render-link v0.0.0-20250702070945-cd8319c6b26e h1:RLVNVedKWohxb+/0rDwf0WcWDYcjDjQsEVwAsODojBc=
github.com/gethugothemes/hugo-modules/components/render-link v0.0.0-20250702070945-cd8319c6b26e/go.mod h1:z3YcIeEBUonAoRDY1/Jv1ojNVkZ5ud35a0Nn8L4Inx0=
github.com/gethugothemes/hugo-modules/components/render-link v0.0.0-20251117073232-ef5b4666824c h1:3U4TRskha6pfFiRalKOeW+UGteUzkl2PE80RGlXsbzA=
github.com/gethugothemes/hugo-modules/components/render-link v0.0.0-20251117073232-ef5b4666824c/go.mod h1:z3YcIeEBUonAoRDY1/Jv1ojNVkZ5ud35a0Nn8L4Inx0=
github.com/gethugothemes/hugo-modules/components/social-share v0.0.0-20240925042433-d2b5d05977e8 h1:+cMV+5ctKpE5rL3gwHJphIWmIr0+PNJvsLhopiC8biY=
github.com/gethugothemes/hugo-modules/components/social-share v0.0.0-20240925042433-d2b5d05977e8/go.mod h1:Gcj4RM/EBECsJMZnPeWjfy/1roRYGqzV9GYNmeHkvFA=
github.com/gethugothemes/hugo-modules/components/social-share v0.0.0-20250512035231-bb1514d411e2 h1:2+ooNUqMsMnMrq7MURrRbNUjcrDLM97VYEQ/8QmaJmc=
github.com/gethugothemes/hugo-modules/components/social-share v0.0.0-20250512035231-bb1514d411e2/go.mod h1:Gcj4RM/EBECsJMZnPeWjfy/1roRYGqzV9GYNmeHkvFA=
github.com/gethugothemes/hugo-modules/components/social-share v0.0.0-20250702070945-cd8319c6b26e h1:O5rS96mOri+c4fwIhR+gsAiCvNu1gN/7YWiY69k4th4=
github.com/gethugothemes/hugo-modules/components/social-share v0.0.0-20250702070945-cd8319c6b26e/go.mod h1:Gcj4RM/EBECsJMZnPeWjfy/1roRYGqzV9GYNmeHkvFA=
github.com/gethugothemes/hugo-modules/components/social-share v0.0.0-20251117073232-ef5b4666824c h1:bf2/DdJe1WOanMZz+lD9a3+aXJpfmzkek5osRxEYBvo=
github.com/gethugothemes/hugo-modules/components/social-share v0.0.0-20251117073232-ef5b4666824c/go.mod h1:Gcj4RM/EBECsJMZnPeWjfy/1roRYGqzV9GYNmeHkvFA=
github.com/gethugothemes/hugo-modules/gallery-slider v0.0.0-20240925042433-d2b5d05977e8 h1:/2gTKMuTvHO+PoZ7H6SGBHB8vtCaFi6lttfBtY74i3E=
github.com/gethugothemes/hugo-modules/gallery-slider v0.0.0-20240925042433-d2b5d05977e8/go.mod h1:MvQ2js/ofZ22CTX5wuvE+dC0rMe6C5HAWL2fEOu/yzE=
github.com/gethugothemes/hugo-modules/gallery-slider v0.0.0-20250512035231-bb1514d411e2 h1:8rKoEvpeOspb7ItRAsdP+InWBajDwyjZevuohOnEnVM=
github.com/gethugothemes/hugo-modules/gallery-slider v0.0.0-20250512035231-bb1514d411e2/go.mod h1:MvQ2js/ofZ22CTX5wuvE+dC0rMe6C5HAWL2fEOu/yzE=
github.com/gethugothemes/hugo-modules/gallery-slider v0.0.0-20250702070945-cd8319c6b26e h1:NgDMR7siU4Co054+OtF3mbm5LZxeILQM7RxGWZQWsFk=
github.com/gethugothemes/hugo-modules/gallery-slider v0.0.0-20250702070945-cd8319c6b26e/go.mod h1:MvQ2js/ofZ22CTX5wuvE+dC0rMe6C5HAWL2fEOu/yzE=
github.com/gethugothemes/hugo-modules/gallery-slider v0.0.0-20251117073232-ef5b4666824c h1:LorVCIhcRLTtbegkuzsobAGiVflfjADO9Ksat//pyXs=
github.com/gethugothemes/hugo-modules/gallery-slider v0.0.0-20251117073232-ef5b4666824c/go.mod h1:MvQ2js/ofZ22CTX5wuvE+dC0rMe6C5HAWL2fEOu/yzE=
github.com/gethugothemes/hugo-modules/gzip-caching v0.0.0-20240925042433-d2b5d05977e8 h1:5/R8j8xG2tvH6bsBrrF1zG6JdBxzzGf7ITlgysgteI0=
github.com/gethugothemes/hugo-modules/gzip-caching v0.0.0-20240925042433-d2b5d05977e8/go.mod h1:0ZMjTZVG4XLZU2/icc8Saqo4mmgMpfRTrUZU2Aa2Pwg=
github.com/gethugothemes/hugo-modules/gzip-caching v0.0.0-20250512035231-bb1514d411e2 h1:rcgt7sg9w0iD6fpGn/KDA4w8NcwsVu5htuYnHW99yE8=
github.com/gethugothemes/hugo-modules/gzip-caching v0.0.0-20250512035231-bb1514d411e2/go.mod h1:0ZMjTZVG4XLZU2/icc8Saqo4mmgMpfRTrUZU2Aa2Pwg=
github.com/gethugothemes/hugo-modules/gzip-caching v0.0.0-20250702070945-cd8319c6b26e h1:LXPCTA8RsFXfcj8/jiIb2eY0WHFDQmJOeYUsJRsnJBk=
github.com/gethugothemes/hugo-modules/gzip-caching v0.0.0-20250702070945-cd8319c6b26e/go.mod h1:0ZMjTZVG4XLZU2/icc8Saqo4mmgMpfRTrUZU2Aa2Pwg=
github.com/gethugothemes/hugo-modules/gzip-caching v0.0.0-20251117073232-ef5b4666824c h1:3QGAHmKmQoWgCW3sEr/3Eoog7ovxqdSTDJwpMy6Bpac=
github.com/gethugothemes/hugo-modules/gzip-caching v0.0.0-20251117073232-ef5b4666824c/go.mod h1:0ZMjTZVG4XLZU2/icc8Saqo4mmgMpfRTrUZU2Aa2Pwg=
github.com/gethugothemes/hugo-modules/icons/font-awesome v0.0.0-20240925042433-d2b5d05977e8 h1:h2xHThbg1laJN6t2+bMr6dIAcD/b0IXBWOp+kJlzJec=
github.com/gethugothemes/hugo-modules/icons/font-awesome v0.0.0-20240925042433-d2b5d05977e8/go.mod h1:d3gy1vQyfasPmGpau7HpQLrXbOv23PfXclSnjyOBxeU=
github.com/gethugothemes/hugo-modules/icons/font-awesome v0.0.0-20250512035231-bb1514d411e2 h1:f1icN+cWEMBJkcnu6waM4D+flxUvRPIXwFDcnm1w0Sw=
github.com/gethugothemes/hugo-modules/icons/font-awesome v0.0.0-20250512035231-bb1514d411e2/go.mod h1:d3gy1vQyfasPmGpau7HpQLrXbOv23PfXclSnjyOBxeU=
github.com/gethugothemes/hugo-modules/icons/font-awesome v0.0.0-20250702070945-cd8319c6b26e h1:G73VfYfePhAlt0OKW2LEzXRhfcgdbCdAod4eVmqsW3Y=
github.com/gethugothemes/hugo-modules/icons/font-awesome v0.0.0-20250702070945-cd8319c6b26e/go.mod h1:d3gy1vQyfasPmGpau7HpQLrXbOv23PfXclSnjyOBxeU=
github.com/gethugothemes/hugo-modules/icons/font-awesome v0.0.0-20251117073232-ef5b4666824c h1:0UeAIBYyY3CoQ3W/8U3jBfDcGweQfutXhyGFIYpaWi0=
github.com/gethugothemes/hugo-modules/icons/font-awesome v0.0.0-20251117073232-ef5b4666824c/go.mod h1:d3gy1vQyfasPmGpau7HpQLrXbOv23PfXclSnjyOBxeU=
github.com/gethugothemes/hugo-modules/images v0.0.0-20240925042433-d2b5d05977e8 h1:rGWMqcpmotd5G+q5HS9p9sC4GQF2hMxEesuJx8aKvKE=
github.com/gethugothemes/hugo-modules/images v0.0.0-20240925042433-d2b5d05977e8/go.mod h1:FKliP3qOW9diIcQeLtyZ0Hdhg3PL8bdAkC/6O+XtU90=
github.com/gethugothemes/hugo-modules/images v0.0.0-20250512035231-bb1514d411e2 h1:Zkrk8S+oREteMGHsYWJzAxaeZCQ1dP9fFs/kI5h9/6c=
github.com/gethugothemes/hugo-modules/images v0.0.0-20250512035231-bb1514d411e2/go.mod h1:FKliP3qOW9diIcQeLtyZ0Hdhg3PL8bdAkC/6O+XtU90=
github.com/gethugothemes/hugo-modules/images v0.0.0-20250702070945-cd8319c6b26e h1:qM7Y9IUOEXk+3D3cT4nIowJoEUhPKnaWuDLNKmDbo3g=
github.com/gethugothemes/hugo-modules/images v0.0.0-20250702070945-cd8319c6b26e/go.mod h1:FKliP3qOW9diIcQeLtyZ0Hdhg3PL8bdAkC/6O+XtU90=
github.com/gethugothemes/hugo-modules/images v0.0.0-20251117073232-ef5b4666824c h1:CKXTwZWTyAPTmK355Xnlf/ndTjD3lhMDM0YmC+LjmhQ=
github.com/gethugothemes/hugo-modules/images v0.0.0-20251117073232-ef5b4666824c/go.mod h1:FKliP3qOW9diIcQeLtyZ0Hdhg3PL8bdAkC/6O+XtU90=
github.com/gethugothemes/hugo-modules/modal v0.0.0-20240925042433-d2b5d05977e8 h1:kpPvQdUPgvi4UJcROg4rF5fSqNu//ZlIG+XxXr942tI=
github.com/gethugothemes/hugo-modules/modal v0.0.0-20240925042433-d2b5d05977e8/go.mod h1:Eb9v7oV6biymfvjcBhQdvgn0gUGYhUtfCMeOBLFpFsk=
github.com/gethugothemes/hugo-modules/modal v0.0.0-20250512035231-bb1514d411e2 h1:3grURV4E8HQyK16ZEwcTpSKj/HKdTdMRivl4nkZAgKQ=
github.com/gethugothemes/hugo-modules/modal v0.0.0-20250512035231-bb1514d411e2/go.mod h1:Eb9v7oV6biymfvjcBhQdvgn0gUGYhUtfCMeOBLFpFsk=
github.com/gethugothemes/hugo-modules/modal v0.0.0-20250702070945-cd8319c6b26e h1:wXVN//PTTdiLoaN/iOisiBNfLK5X4qb79XP0PtibgLY=
github.com/gethugothemes/hugo-modules/modal v0.0.0-20250702070945-cd8319c6b26e/go.mod h1:Eb9v7oV6biymfvjcBhQdvgn0gUGYhUtfCMeOBLFpFsk=
github.com/gethugothemes/hugo-modules/modal v0.0.0-20251117073232-ef5b4666824c h1:2Ws03DYqSADctQbYpIjOYmX+JoNx4QyBWhVTOopXwCo=
github.com/gethugothemes/hugo-modules/modal v0.0.0-20251117073232-ef5b4666824c/go.mod h1:Eb9v7oV6biymfvjcBhQdvgn0gUGYhUtfCMeOBLFpFsk=
github.com/gethugothemes/hugo-modules/pwa v0.0.0-20240925042433-d2b5d05977e8 h1:cTObVCZAxl/yW2oVH3FVmg8npXqLWRemuJjXHnnTq0Y=
github.com/gethugothemes/hugo-modules/pwa v0.0.0-20240925042433-d2b5d05977e8/go.mod h1:TRv7iszdfo37O1PbBEE+S8X/enAdpRIxK5DGrp13Qbo=
github.com/gethugothemes/hugo-modules/pwa v0.0.0-20250512035231-bb1514d411e2 h1:6mNUbXoVUPwUIdH27f322CtNLvQhJc9SCIN0YQ6LnAo=
github.com/gethugothemes/hugo-modules/pwa v0.0.0-20250512035231-bb1514d411e2/go.mod h1:TRv7iszdfo37O1PbBEE+S8X/enAdpRIxK5DGrp13Qbo=
github.com/gethugothemes/hugo-modules/pwa v0.0.0-20250702070945-cd8319c6b26e h1:2H9ZMpna5lgtEKjgOZfxB6yfcmcBArALMaZefS4sn00=
github.com/gethugothemes/hugo-modules/pwa v0.0.0-20250702070945-cd8319c6b26e/go.mod h1:TRv7iszdfo37O1PbBEE+S8X/enAdpRIxK5DGrp13Qbo=
github.com/gethugothemes/hugo-modules/pwa v0.0.0-20251117073232-ef5b4666824c h1:9L1X4gO1FbNeSS4ec+AWTQFVTiMNJp01E0jbOil5Gvg=
github.com/gethugothemes/hugo-modules/pwa v0.0.0-20251117073232-ef5b4666824c/go.mod h1:TRv7iszdfo37O1PbBEE+S8X/enAdpRIxK5DGrp13Qbo=
github.com/gethugothemes/hugo-modules/search v0.0.0-20240925042433-d2b5d05977e8 h1:+8x01R4Be5m796jUYsvNOdp8U9yJ9yeRJRSalcnRJ+E=
github.com/gethugothemes/hugo-modules/search v0.0.0-20240925042433-d2b5d05977e8/go.mod h1:tmDvLaZCM+QDvS/WLZXNjY1QTdWh7/68D2wIToECbyA=
github.com/gethugothemes/hugo-modules/search v0.0.0-20250512035231-bb1514d411e2 h1:NU3JXAhKO9QfIkM+J3j9tKAasSPv4uh8XTNnVc5VIto=
github.com/gethugothemes/hugo-modules/search v0.0.0-20250512035231-bb1514d411e2/go.mod h1:tmDvLaZCM+QDvS/WLZXNjY1QTdWh7/68D2wIToECbyA=
github.com/gethugothemes/hugo-modules/search v0.0.0-20250702070945-cd8319c6b26e h1:hLKMUYvM/pvklGw1Z4p4EBduZ+skdPBnYx/LABO1D4E=
github.com/gethugothemes/hugo-modules/search v0.0.0-20250702070945-cd8319c6b26e/go.mod h1:tmDvLaZCM+QDvS/WLZXNjY1QTdWh7/68D2wIToECbyA=
github.com/gethugothemes/hugo-modules/search v0.0.0-20251117073232-ef5b4666824c h1:aioidcPi1WWoeMegoF1C39uqSnsJmb7fqwc4RU/cDSA=
github.com/gethugothemes/hugo-modules/search v0.0.0-20251117073232-ef5b4666824c/go.mod h1:tmDvLaZCM+QDvS/WLZXNjY1QTdWh7/68D2wIToECbyA=
github.com/gethugothemes/hugo-modules/seo-tools/basic-seo v0.0.0-20240925042433-d2b5d05977e8 h1:cyhgsUNA0Kr172aab/Iy/K11KODP/lTzlOxuNY497vA=
github.com/gethugothemes/hugo-modules/seo-tools/basic-seo v0.0.0-20240925042433-d2b5d05977e8/go.mod h1:Q8dPgjamV7pxwKSQyWV21Xwh5CGi23/k+M8HPTphYbs=
github.com/gethugothemes/hugo-modules/seo-tools/basic-seo v0.0.0-20250512035231-bb1514d411e2 h1:djNKjhh7F8zIznndneEmdjDAN4Btl6BD4D39Dos+SpY=
github.com/gethugothemes/hugo-modules/seo-tools/basic-seo v0.0.0-20250512035231-bb1514d411e2/go.mod h1:Q8dPgjamV7pxwKSQyWV21Xwh5CGi23/k+M8HPTphYbs=
github.com/gethugothemes/hugo-modules/seo-tools/basic-seo v0.0.0-20250702070945-cd8319c6b26e h1:cQYmFwZ2+vlhzrz2FK5tSDy9/XbnxmSFIO6JMkfmXs4=
github.com/gethugothemes/hugo-modules/seo-tools/basic-seo v0.0.0-20250702070945-cd8319c6b26e/go.mod h1:Q8dPgjamV7pxwKSQyWV21Xwh5CGi23/k+M8HPTphYbs=
github.com/gethugothemes/hugo-modules/seo-tools/basic-seo v0.0.0-20251117073232-ef5b4666824c h1:MUqKJZg4radKBEUoB20ATdxW01yjejLnRXCUUU9keQQ=
github.com/gethugothemes/hugo-modules/seo-tools/basic-seo v0.0.0-20251117073232-ef5b4666824c/go.mod h1:Q8dPgjamV7pxwKSQyWV21Xwh5CGi23/k+M8HPTphYbs=
github.com/gethugothemes/hugo-modules/seo-tools/google-tag-manager v0.0.0-20240925042433-d2b5d05977e8 h1:WDiOV7iyIFGAUwQzDojoYSayovskKB3mPxm11mf99F4=
github.com/gethugothemes/hugo-modules/seo-tools/google-tag-manager v0.0.0-20240925042433-d2b5d05977e8/go.mod h1:cCq50yd55eFTrpqOfeyOK5X0hU5E7qxsqOD7IzTsgLA=
github.com/gethugothemes/hugo-modules/seo-tools/google-tag-manager v0.0.0-20250512035231-bb1514d411e2 h1:YQ00kLxYRo8xoFj1Np7t+u9IONBDYtJ00gRPceYn0OQ=
github.com/gethugothemes/hugo-modules/seo-tools/google-tag-manager v0.0.0-20250512035231-bb1514d411e2/go.mod h1:cCq50yd55eFTrpqOfeyOK5X0hU5E7qxsqOD7IzTsgLA=
github.com/gethugothemes/hugo-modules/seo-tools/google-tag-manager v0.0.0-20250702070945-cd8319c6b26e h1:+xtmpzJdZmSDbGtGx3hyLlz/8Z+EsCK0dDNZlSDTyBE=
github.com/gethugothemes/hugo-modules/seo-tools/google-tag-manager v0.0.0-20250702070945-cd8319c6b26e/go.mod h1:cCq50yd55eFTrpqOfeyOK5X0hU5E7qxsqOD7IzTsgLA=
github.com/gethugothemes/hugo-modules/seo-tools/google-tag-manager v0.0.0-20251117073232-ef5b4666824c h1:SY9Fmfqd9+K+WxSIN522GiDKetYeBjWOHmKy/jmE8Ns=
github.com/gethugothemes/hugo-modules/seo-tools/google-tag-manager v0.0.0-20251117073232-ef5b4666824c/go.mod h1:cCq50yd55eFTrpqOfeyOK5X0hU5E7qxsqOD7IzTsgLA=
github.com/gethugothemes/hugo-modules/seo-tools/site-verifications v0.0.0-20240925042433-d2b5d05977e8 h1:qlKzcEIQqvbw+q+7RynsqSMVSQ/UafD5Xe3B9A7VMF0=
github.com/gethugothemes/hugo-modules/seo-tools/site-verifications v0.0.0-20240925042433-d2b5d05977e8/go.mod h1:iXielaya126qJscz7Bc2G2WB91moloQOoWru6UoBUyE=
github.com/gethugothemes/hugo-modules/seo-tools/site-verifications v0.0.0-20250512035231-bb1514d411e2 h1:5WYg0ayytqUN4Qc/1f7fAtsgNBUK9NHPd9siTtQctc4=
github.com/gethugothemes/hugo-modules/seo-tools/site-verifications v0.0.0-20250512035231-bb1514d411e2/go.mod h1:iXielaya126qJscz7Bc2G2WB91moloQOoWru6UoBUyE=
github.com/gethugothemes/hugo-modules/seo-tools/site-verifications v0.0.0-20250702070945-cd8319c6b26e h1:T7z6lO/lTCC0Fmolj5oAzF1dUMZBeDwOWW64HS4aujA=
github.com/gethugothemes/hugo-modules/seo-tools/site-verifications v0.0.0-20250702070945-cd8319c6b26e/go.mod h1:iXielaya126qJscz7Bc2G2WB91moloQOoWru6UoBUyE=
github.com/gethugothemes/hugo-modules/seo-tools/site-verifications v0.0.0-20251117073232-ef5b4666824c h1:4PxczAfMJ0i2nqSWvtSljbymuU/x8yx2NY3V6qyWme8=
github.com/gethugothemes/hugo-modules/seo-tools/site-verifications v0.0.0-20251117073232-ef5b4666824c/go.mod h1:iXielaya126qJscz7Bc2G2WB91moloQOoWru6UoBUyE=
github.com/gethugothemes/hugo-modules/shortcodes/button v0.0.0-20240925042433-d2b5d05977e8 h1:lugKYn6GRv4MVCC1vDJwm94Y6r2eq1CCxwMfK/ha51I=
github.com/gethugothemes/hugo-modules/shortcodes/button v0.0.0-20240925042433-d2b5d05977e8/go.mod h1:MSvxGvjvcGUKTs6YMATU/9kYFrzW+VSVdy4CCOQLdsY=
github.com/gethugothemes/hugo-modules/shortcodes/button v0.0.0-20250512035231-bb1514d411e2 h1:JwjN90ej1+ZIJMQOwW2+4lyjDs1i49/TRmEGlc9yRjw=
github.com/gethugothemes/hugo-modules/shortcodes/button v0.0.0-20250512035231-bb1514d411e2/go.mod h1:MSvxGvjvcGUKTs6YMATU/9kYFrzW+VSVdy4CCOQLdsY=
github.com/gethugothemes/hugo-modules/shortcodes/button v0.0.0-20250702070945-cd8319c6b26e h1:Smgl9VRE+TEvRQ4jYsR4wfnyOX2abq0TYftGJF6sSmA=
github.com/gethugothemes/hugo-modules/shortcodes/button v0.0.0-20250702070945-cd8319c6b26e/go.mod h1:MSvxGvjvcGUKTs6YMATU/9kYFrzW+VSVdy4CCOQLdsY=
github.com/gethugothemes/hugo-modules/shortcodes/button v0.0.0-20251117073232-ef5b4666824c h1:ysiyG0gKWEKRG02it/A1vEixOBWUrJp5tR9xFEQi8yM=
github.com/gethugothemes/hugo-modules/shortcodes/button v0.0.0-20251117073232-ef5b4666824c/go.mod h1:MSvxGvjvcGUKTs6YMATU/9kYFrzW+VSVdy4CCOQLdsY=
github.com/gethugothemes/hugo-modules/shortcodes/notice v0.0.0-20240925042433-d2b5d05977e8 h1:OODdhrS3Fy9GTGvKzk704NfwR4p+1s4ymVrCPEGct1o=
github.com/gethugothemes/hugo-modules/shortcodes/notice v0.0.0-20240925042433-d2b5d05977e8/go.mod h1:ljWyMJx82WA+6SlKjbGFhEdxcriyvUTCjXkJHDa4lho=
github.com/gethugothemes/hugo-modules/shortcodes/notice v0.0.0-20250512035231-bb1514d411e2 h1:rr+8bVxlyhPSvVvPkISFmMuN8sbQg/Ne32TM8F+iSzE=
github.com/gethugothemes/hugo-modules/shortcodes/notice v0.0.0-20250512035231-bb1514d411e2/go.mod h1:ljWyMJx82WA+6SlKjbGFhEdxcriyvUTCjXkJHDa4lho=
github.com/gethugothemes/hugo-modules/shortcodes/notice v0.0.0-20250702070945-cd8319c6b26e h1:PSRioId6cJ+niztdLkbGyxpuu4YETRTau8e7KvlZYlo=
github.com/gethugothemes/hugo-modules/shortcodes/notice v0.0.0-20250702070945-cd8319c6b26e/go.mod h1:ljWyMJx82WA+6SlKjbGFhEdxcriyvUTCjXkJHDa4lho=
github.com/gethugothemes/hugo-modules/shortcodes/notice v0.0.0-20251117073232-ef5b4666824c h1:P6E7ZIQKqKzphguy6ZCcFS4xD1C/SI7Z4iw7In0LqJM=
github.com/gethugothemes/hugo-modules/shortcodes/notice v0.0.0-20251117073232-ef5b4666824c/go.mod h1:ljWyMJx82WA+6SlKjbGFhEdxcriyvUTCjXkJHDa4lho=
github.com/gethugothemes/hugo-modules/tab v0.0.0-20240925042433-d2b5d05977e8 h1:/CjcG8HFYt6ROy9jLpikozjVAQngN0gnVsw/Jbs8lCg=
github.com/gethugothemes/hugo-modules/tab v0.0.0-20240925042433-d2b5d05977e8/go.mod h1:h3UxlxrFoU19JldxWLPBKaTZFe3AJtABrqo1wfxr+Ng=
github.com/gethugothemes/hugo-modules/tab v0.0.0-20250512035231-bb1514d411e2 h1:NBrZc57pzbJTRgMNVl9ryAzhUGmCdXUwHtuimmVvudY=
github.com/gethugothemes/hugo-modules/tab v0.0.0-20250512035231-bb1514d411e2/go.mod h1:h3UxlxrFoU19JldxWLPBKaTZFe3AJtABrqo1wfxr+Ng=
github.com/gethugothemes/hugo-modules/tab v0.0.0-20250702070945-cd8319c6b26e h1:9Lo06KpXEKlMeFzjHKukNQ/WHOCRIJw9bQs9q/HXyiQ=
github.com/gethugothemes/hugo-modules/tab v0.0.0-20250702070945-cd8319c6b26e/go.mod h1:h3UxlxrFoU19JldxWLPBKaTZFe3AJtABrqo1wfxr+Ng=
github.com/gethugothemes/hugo-modules/tab v0.0.0-20251117073232-ef5b4666824c h1:bHyV9I9LG/ao7ZtOvYYBmdFvbWiMzfBBvwsjTC8Bfuk=
github.com/gethugothemes/hugo-modules/tab v0.0.0-20251117073232-ef5b4666824c/go.mod h1:h3UxlxrFoU19JldxWLPBKaTZFe3AJtABrqo1wfxr+Ng=
github.com/gethugothemes/hugo-modules/table-of-contents v0.0.0-20240925042433-d2b5d05977e8 h1:XWwrpOhUvsr3Pww1GQHo9K6RFCAUh/PvkQnIyRMy5Hc=
github.com/gethugothemes/hugo-modules/table-of-contents v0.0.0-20240925042433-d2b5d05977e8/go.mod h1:bEDw4veccQQQYEdVrfu13ATRUWfW8ptDIjJZuhYh4Tw=
github.com/gethugothemes/hugo-modules/table-of-contents v0.0.0-20250512035231-bb1514d411e2 h1:cIqPonhKxhVljn2fI6whjzk0k49vWKLLRHyesi/oyLk=
github.com/gethugothemes/hugo-modules/table-of-contents v0.0.0-20250512035231-bb1514d411e2/go.mod h1:bEDw4veccQQQYEdVrfu13ATRUWfW8ptDIjJZuhYh4Tw=
github.com/gethugothemes/hugo-modules/table-of-contents v0.0.0-20250702070945-cd8319c6b26e h1:sJVrddl6FiCLU9ihb1LIXUHbvQi2MtBZYp5pwOmxYjM=
github.com/gethugothemes/hugo-modules/table-of-contents v0.0.0-20250702070945-cd8319c6b26e/go.mod h1:bEDw4veccQQQYEdVrfu13ATRUWfW8ptDIjJZuhYh4Tw=
github.com/gethugothemes/hugo-modules/table-of-contents v0.0.0-20251117073232-ef5b4666824c h1:07jOdMEUVdvkjIaek0FxDNZYbQ+DBYt1Wi1N77d/qYs=
github.com/gethugothemes/hugo-modules/table-of-contents v0.0.0-20251117073232-ef5b4666824c/go.mod h1:bEDw4veccQQQYEdVrfu13ATRUWfW8ptDIjJZuhYh4Tw=
github.com/gethugothemes/hugo-modules/videos v0.0.0-20240925042433-d2b5d05977e8 h1:0nNuE80/NDYplmQPj0lB0O5xUUdC13qHnxcaMOOul9E=
github.com/gethugothemes/hugo-modules/videos v0.0.0-20240925042433-d2b5d05977e8/go.mod h1:P722lLWdnNhdZVq6gvMrOLqECUwrAYQWaOWlChta5H0=
github.com/gethugothemes/hugo-modules/videos v0.0.0-20250512035231-bb1514d411e2 h1:4vHnEC59jN9DvGmERoer4cVOo7GhgMHUpoxVR7iKuCU=
github.com/gethugothemes/hugo-modules/videos v0.0.0-20250512035231-bb1514d411e2/go.mod h1:P722lLWdnNhdZVq6gvMrOLqECUwrAYQWaOWlChta5H0=
github.com/gethugothemes/hugo-modules/videos v0.0.0-20250702070945-cd8319c6b26e h1:tOnlYxVEet334mwKNlUmPVEOLKNJpy3/IRhegSI9ItE=
github.com/gethugothemes/hugo-modules/videos v0.0.0-20250702070945-cd8319c6b26e/go.mod h1:P722lLWdnNhdZVq6gvMrOLqECUwrAYQWaOWlChta5H0=
github.com/gethugothemes/hugo-modules/videos v0.0.0-20251117073232-ef5b4666824c h1:/7aC/iyt2Cdb623JGA1YF5S6c4pbwo3qX3d/9MVBbI8=
github.com/gethugothemes/hugo-modules/videos v0.0.0-20251117073232-ef5b4666824c/go.mod h1:P722lLWdnNhdZVq6gvMrOLqECUwrAYQWaOWlChta5H0=
github.com/hugomods/mermaid v0.1.4 h1:/u0FZRSBMpqTbDh4XPBL7c6p0DUjvIkoo9cC89GASSI=
github.com/hugomods/mermaid v0.1.4/go.mod h1:GOID2Ko1vdrX03ZMaFNQL/vdTU1tZmGcVjOgBN8O42Y=
github.com/zeon-studio/hugoplate v0.0.0-20240925044951-fe74d0e62893 h1:D2drMHHpg2oWAPzAS1CoEH7h/14KzrZ9YsJ8mN2TRNg=
github.com/zeon-studio/hugoplate v0.0.0-20240925044951-fe74d0e62893/go.mod h1:YlRIwdTWidquf1dhtx+mDfu0I3KVrVQB4wi4UmHlK3E=
github.com/zeon-studio/hugoplate v0.0.0-20250507095558-974f11b1e3ff h1:1UiCvpTPomZXE0Js5vwR9Pz+wyAFHt/buuAgah9l5dw=
github.com/zeon-studio/hugoplate v0.0.0-20250507095558-974f11b1e3ff/go.mod h1:YlRIwdTWidquf1dhtx+mDfu0I3KVrVQB4wi4UmHlK3E=
github.com/zeon-studio/hugoplate v0.0.0-20250819025659-244cbfc649ba h1:YROb8/mivZ4KdD0lxws/gwpeO7NywRFLfgOyW557/o4=
github.com/zeon-studio/hugoplate v0.0.0-20250819025659-244cbfc649ba/go.mod h1:YlRIwdTWidquf1dhtx+mDfu0I3KVrVQB4wi4UmHlK3E=
github.com/zeon-studio/hugoplate v0.0.0-20250903054143-0d047207187b h1:MTAEF0g+XfPQO0SRq358gVWStEAlDV3yYt/s4PVu2t0=
github.com/zeon-studio/hugoplate v0.0.0-20250903054143-0d047207187b/go.mod h1:YlRIwdTWidquf1dhtx+mDfu0I3KVrVQB4wi4UmHlK3E=
github.com/zeon-studio/hugoplate v0.0.0-20251117071642-4f1cd9a6df9d h1:t/qqt0kUpEz9xEd2QmE+BxdEH22DYxZJST9wxpG76c4=
github.com/zeon-studio/hugoplate v0.0.0-20251117071642-4f1cd9a6df9d/go.mod h1:YlRIwdTWidquf1dhtx+mDfu0I3KVrVQB4wi4UmHlK3E=
github.com/zeon-studio/hugoplate v0.0.0-20251118030057-19d793dd1b6b h1:3BCusFeb0mjYUIziIbM4xsddtEwOZlfF40jO6pQiYGE=
github.com/zeon-studio/hugoplate v0.0.0-20251118030057-19d793dd1b6b/go.mod h1:YlRIwdTWidquf1dhtx+mDfu0I3KVrVQB4wi4UmHlK3E=
